
Microsoft Visual Studio Solution File, Format Version 12.00
# Visual Studio Version 16
VisualStudioVersion = 16.0.30114.105
MinimumVisualStudioVersion = 10.0.40219.1
Project("{9A19103F-16F7-4668-BE54-9A1E7A4F7556}") = "BASHNI", "BASHNI.csproj", "{23D5ACBB-F5C2-4FB0-B19F-1A9DC1E3FD2C}"
EndProject
Global
	GlobalSection(SolutionConfigurationPlatforms) = preSolution
		Debug|Any CPU = Debug|Any CPU
		Release|Any CPU = Release|Any CPU
	EndGlobalSection
	GlobalSection(ProjectConfigurationPlatforms) = postSolution
		{23D5ACBB-F5C2-4FB0-B19F-1A9DC1E3FD2C}.Debug|Any CPU.ActiveCfg = Debug|Any CPU
		{23D5ACBB-F5C2-4FB0-B19F-1A9DC1E3FD2C}.Debug|Any CPU.Build.0 = Debug|Any CPU
		{23D5ACBB-F5C2-4FB0-B19F-1A9DC1E3FD2C}.Release|Any CPU.ActiveCfg = Release|Any CPU
		{23D5ACBB-F5C2-4FB0-B19F-1A9DC1E3FD2C}.Release|Any CPU.Build.0 = Release|Any CPU
	EndGlobalSection
	GlobalSection(SolutionProperties) = preSolution
		HideSolutionNode = FALSE
	EndGlobalSection
	GlobalSection(ExtensibilityGlobals) = postSolution
		SolutionGuid = {63C432C8-43DB-477E-9A3F-ED39441D7A39}
	EndGlobalSection
EndGlobal
